
Microsoft Visual Studio Solution File, Format Version 12.00
# Visual Studio 15
VisualStudioVersion = 15.0.28307.1401
MinimumVisualStudioVersion = 10.0.40219.1
Project("{FAE04EC0-301F-11D3-BF4B-00C04F79EFBC}") = "WindowsFormsApp1", "WindowsFormsApp1\WindowsFormsApp1.csproj", "{F5E05182-3B6F-408B-9BF2-B060E930B149}"
EndProject
Global
	GlobalSection(SolutionConfigurationPlatforms) = preSolution
		Debug|Any CPU = Debug|Any CPU
		Release|Any CPU = Release|Any CPU
	EndGlobalSection
	GlobalSection(ProjectConfigurationPlatforms) = postSolution
		{F5E05182-3B6F-408B-9BF2-B060E930B149}.Debug|Any CPU.ActiveCfg = Debug|Any CPU
		{F5E05182-3B6F-408B-9BF2-B060E930B149}.Debug|Any CPU.Build.0 = Debug|Any CPU
		{F5E05182-3B6F-408B-9BF2-B060E930B149}.Release|Any CPU.ActiveCfg = Release|Any CPU
		{F5E05182-3B6F-408B-9BF2-B060E930B149}.Release|Any CPU.Build.0 = Release|Any CPU
	EndGlobalSection
	GlobalSection(SolutionProperties) = preSolution
		HideSolutionNode = FALSE
	EndGlobalSection
	GlobalSection(ExtensibilityGlobals) = postSolution
		SolutionGuid = {8065C4B9-35A7-45C7-AB39-DC3D7FEB6685}
	EndGlobalSection
EndGlobal
